
Microsoft Visual Studio Solution File, Format Version 12.00
# Visual Studio Version 17
VisualStudioVersion = 17.14.37012.4 d17.14
MinimumVisualStudioVersion = 10.0.40219.1
Project("{FAE04EC0-301F-11D3-BF4B-00C04F79EFBC}") = "BarbeariaApi", "BarbeariaApi.csproj", "{008929DF-AD24-4B86-96B8-28F552D72CE7}"
EndProject
Global
	GlobalSection(SolutionConfigurationPlatforms) = preSolution
		Debug|Any CPU = Debug|Any CPU
		Release|Any CPU = Release|Any CPU
	EndGlobalSection
	GlobalSection(ProjectConfigurationPlatforms) = postSolution
		{008929DF-AD24-4B86-96B8-28F552D72CE7}.Debug|Any CPU.ActiveCfg = Debug|Any CPU
		{008929DF-AD24-4B86-96B8-28F552D72CE7}.Debug|Any CPU.Build.0 = Debug|Any CPU
		{008929DF-AD24-4B86-96B8-28F552D72CE7}.Release|Any CPU.ActiveCfg = Release|Any CPU
		{008929DF-AD24-4B86-96B8-28F552D72CE7}.Release|Any CPU.Build.0 = Release|Any CPU
	EndGlobalSection
	GlobalSection(SolutionProperties) = preSolution
		HideSolutionNode = FALSE
	EndGlobalSection
	GlobalSection(ExtensibilityGlobals) = postSolution
		SolutionGuid = {C62A85AE-3F28-463D-A794-F2F7787A0AE3}
	EndGlobalSection
EndGlobal
